
Microsoft Visual Studio Solution File, Format Version 12.00
# Visual Studio Version 16
VisualStudioVersion = 16.0.29905.134
MinimumVisualStudioVersion = 10.0.40219.1
Project("{E24C65DC-7377-472B-9ABA-BC803B73C61A}") = "DasBessereDiscord2.0", "DasBessereDiscord2.0\", "{4E0A6059-5C0A-47B7-AE3B-EECF5D78A3E9}"
	ProjectSection(WebsiteProperties) = preProject
		TargetFrameworkMoniker = ".NETFramework,Version%3Dv4.8"
		Debug.AspNetCompiler.VirtualPath = "/localhost_60901"
		Debug.AspNetCompiler.PhysicalPath = "DasBessereDiscord2.0\"
		Debug.AspNetCompiler.TargetPath = "PrecompiledWeb\localhost_60901\"
		Debug.AspNetCompiler.Updateable = "true"
		Debug.AspNetCompiler.ForceOverwrite = "true"
		Debug.AspNetCompiler.FixedNames = "false"
		Debug.AspNetCompiler.Debug = "True"
		Release.AspNetCompiler.VirtualPath = "/localhost_60901"
		Release.AspNetCompiler.PhysicalPath = "DasBessereDiscord2.0\"
		Release.AspNetCompiler.TargetPath = "PrecompiledWeb\localhost_60901\"
		Release.AspNetCompiler.Updateable = "true"
		Release.AspNetCompiler.ForceOverwrite = "true"
		Release.AspNetCompiler.FixedNames = "false"
		Release.AspNetCompiler.Debug = "False"
		VWDPort = "60901"
		SlnRelativePath = "DasBessereDiscord2.0\"
		DefaultWebSiteLanguage = "Visual C#"
	EndProjectSection
EndProject
Project("{FAE04EC0-301F-11D3-BF4B-00C04F79EFBC}") = "Client", "Client\Client.csproj", "{3C23D5BD-1CBE-4C41-9190-D3960D5A4D6F}"
	ProjectSection(ProjectDependencies) = postProject
		{4E0A6059-5C0A-47B7-AE3B-EECF5D78A3E9} = {4E0A6059-5C0A-47B7-AE3B-EECF5D78A3E9}
	EndProjectSection
EndProject
Project("{FAE04EC0-301F-11D3-BF4B-00C04F79EFBC}") = "HostInCmd", "HostInCmd\HostInCmd.csproj", "{1256DE75-2064-4E42-8081-F6301C138B60}"
EndProject
Global
	GlobalSection(SolutionConfigurationPlatforms) = preSolution
		Debug|Any CPU = Debug|Any CPU
		Release|Any CPU = Release|Any CPU
	EndGlobalSection
	GlobalSection(ProjectConfigurationPlatforms) = postSolution
		{4E0A6059-5C0A-47B7-AE3B-EECF5D78A3E9}.Debug|Any CPU.ActiveCfg = Debug|Any CPU
		{4E0A6059-5C0A-47B7-AE3B-EECF5D78A3E9}.Debug|Any CPU.Build.0 = Debug|Any CPU
		{4E0A6059-5C0A-47B7-AE3B-EECF5D78A3E9}.Release|Any CPU.ActiveCfg = Debug|Any CPU
		{4E0A6059-5C0A-47B7-AE3B-EECF5D78A3E9}.Release|Any CPU.Build.0 = Debug|Any CPU
		{3C23D5BD-1CBE-4C41-9190-D3960D5A4D6F}.Debug|Any CPU.ActiveCfg = Debug|Any CPU
		{3C23D5BD-1CBE-4C41-9190-D3960D5A4D6F}.Debug|Any CPU.Build.0 = Debug|Any CPU
		{3C23D5BD-1CBE-4C41-9190-D3960D5A4D6F}.Release|Any CPU.ActiveCfg = Release|Any CPU
		{3C23D5BD-1CBE-4C41-9190-D3960D5A4D6F}.Release|Any CPU.Build.0 = Release|Any CPU
		{1256DE75-2064-4E42-8081-F6301C138B60}.Debug|Any CPU.ActiveCfg = Debug|Any CPU
		{1256DE75-2064-4E42-8081-F6301C138B60}.Debug|Any CPU.Build.0 = Debug|Any CPU
		{1256DE75-2064-4E42-8081-F6301C138B60}.Release|Any CPU.ActiveCfg = Release|Any CPU
		{1256DE75-2064-4E42-8081-F6301C138B60}.Release|Any CPU.Build.0 = Release|Any CPU
	EndGlobalSection
	GlobalSection(SolutionProperties) = preSolution
		HideSolutionNode = FALSE
	EndGlobalSection
	GlobalSection(ExtensibilityGlobals) = postSolution
		SolutionGuid = {6489514C-ABF3-4997-BE3F-AAE9B6DEDC7B}
	EndGlobalSection
EndGlobal
